
Microsoft Visual Studio Solution File, Format Version 12.00
# Visual Studio Version 17
VisualStudioVersion = 17.0.31903.59
MinimumVisualStudioVersion = 10.0.40219.1
Project("{2150E333-8FDC-42A3-9474-1A3956D46DE8}") = "src", "src", "{384D751F-7A46-456C-B85B-02BE1D77DC21}"
EndProject
Project("{FAE04EC0-301F-11D3-BF4B-00C04F79EFBC}") = "EcomShop.Core", "src\EcomShop.Core\EcomShop.Core.csproj", "{575DC260-AB15-4C03-A079-53E4706082EC}"
EndProject
Project("{FAE04EC0-301F-11D3-BF4B-00C04F79EFBC}") = "EcomShop.Application", "src\EcomShop.Application\EcomShop.Application.csproj", "{1E71B9FF-A102-4146-AC91-C47911C6D539}"
EndProject
Project("{FAE04EC0-301F-11D3-BF4B-00C04F79EFBC}") = "EcomShop.Api", "src\EcomShop.Api\EcomShop.Api.csproj", "{960DEC15-02FB-4CEC-9149-28C0CF68924A}"
EndProject
Project("{2150E333-8FDC-42A3-9474-1A3956D46DE8}") = "tests", "tests", "{82ADF79C-DD6B-46F3-A343-045BCF047246}"
EndProject
Project("{FAE04EC0-301F-11D3-BF4B-00C04F79EFBC}") = "EcomShop.Test.Core", "tests\EcomShop.Test.Core\EcomShop.Test.Core.csproj", "{28C50639-3B58-4B3F-9806-0D3A50B27343}"
EndProject
EndProject
Project("{FAE04EC0-301F-11D3-BF4B-00C04F79EFBC}") = "EcomShop.Test.Api", "tests\EcomShop.Test.Api\EcomShop.Test.Api.csproj", "{192B3913-2AEC-4932-B83C-E85A64378909}"
EndProject
Project("{FAE04EC0-301F-11D3-BF4B-00C04F79EFBC}") = "EcomShop.Test.Application", "tests\EcomShop.Test.Application\EcomShop.Test.Application.csproj", "{32984714-9125-4A10-A275-B2DFF5A2F6C4}"
EndProject
Project("{FAE04EC0-301F-11D3-BF4B-00C04F79EFBC}") = "EcomShop.Controllers", "src\EcomShop.Controllers\EcomShop.Controllers.csproj", "{A8D523C9-A69E-40AB-8802-B5CB3F31B393}"
EndProject
Project("{FAE04EC0-301F-11D3-BF4B-00C04F79EFBC}") = "EcomShop.Test.Controllers", "tests\EcomShop.Test.Controllers\EcomShop.Test.Controllers.csproj", "{348DC6B0-4B02-4301-A830-0FF147413173}"
EndProject
Global
	GlobalSection(SolutionConfigurationPlatforms) = preSolution
		Debug|Any CPU = Debug|Any CPU
		Release|Any CPU = Release|Any CPU
	EndGlobalSection
	GlobalSection(SolutionProperties) = preSolution
		HideSolutionNode = FALSE
	EndGlobalSection
	GlobalSection(ProjectConfigurationPlatforms) = postSolution
		{575DC260-AB15-4C03-A079-53E4706082EC}.Debug|Any CPU.ActiveCfg = Debug|Any CPU
		{575DC260-AB15-4C03-A079-53E4706082EC}.Debug|Any CPU.Build.0 = Debug|Any CPU
		{575DC260-AB15-4C03-A079-53E4706082EC}.Release|Any CPU.ActiveCfg = Release|Any CPU
		{575DC260-AB15-4C03-A079-53E4706082EC}.Release|Any CPU.Build.0 = Release|Any CPU
		{1E71B9FF-A102-4146-AC91-C47911C6D539}.Debug|Any CPU.ActiveCfg = Debug|Any CPU
		{1E71B9FF-A102-4146-AC91-C47911C6D539}.Debug|Any CPU.Build.0 = Debug|Any CPU
		{1E71B9FF-A102-4146-AC91-C47911C6D539}.Release|Any CPU.ActiveCfg = Release|Any CPU
		{1E71B9FF-A102-4146-AC91-C47911C6D539}.Release|Any CPU.Build.0 = Release|Any CPU
		{189F92F8-1C6D-4E0D-8342-766E7FD4F769}.Debug|Any CPU.ActiveCfg = Debug|Any CPU
		{189F92F8-1C6D-4E0D-8342-766E7FD4F769}.Debug|Any CPU.Build.0 = Debug|Any CPU
		{189F92F8-1C6D-4E0D-8342-766E7FD4F769}.Release|Any CPU.ActiveCfg = Release|Any CPU
		{189F92F8-1C6D-4E0D-8342-766E7FD4F769}.Release|Any CPU.Build.0 = Release|Any CPU
		{960DEC15-02FB-4CEC-9149-28C0CF68924A}.Debug|Any CPU.ActiveCfg = Debug|Any CPU
		{960DEC15-02FB-4CEC-9149-28C0CF68924A}.Debug|Any CPU.Build.0 = Debug|Any CPU
		{960DEC15-02FB-4CEC-9149-28C0CF68924A}.Release|Any CPU.ActiveCfg = Release|Any CPU
		{960DEC15-02FB-4CEC-9149-28C0CF68924A}.Release|Any CPU.Build.0 = Release|Any CPU
		{9392D20C-2ABA-4F4F-949F-E6AFBCFD602B}.Debug|Any CPU.ActiveCfg = Debug|Any CPU
		{9392D20C-2ABA-4F4F-949F-E6AFBCFD602B}.Debug|Any CPU.Build.0 = Debug|Any CPU
		{9392D20C-2ABA-4F4F-949F-E6AFBCFD602B}.Release|Any CPU.ActiveCfg = Release|Any CPU
		{9392D20C-2ABA-4F4F-949F-E6AFBCFD602B}.Release|Any CPU.Build.0 = Release|Any CPU
		{28C50639-3B58-4B3F-9806-0D3A50B27343}.Debug|Any CPU.ActiveCfg = Debug|Any CPU
		{28C50639-3B58-4B3F-9806-0D3A50B27343}.Debug|Any CPU.Build.0 = Debug|Any CPU
		{28C50639-3B58-4B3F-9806-0D3A50B27343}.Release|Any CPU.ActiveCfg = Release|Any CPU
		{28C50639-3B58-4B3F-9806-0D3A50B27343}.Release|Any CPU.Build.0 = Release|Any CPU
		{25F444E0-D07B-40E1-9CBD-3C14C1B3CD65}.Debug|Any CPU.ActiveCfg = Debug|Any CPU
		{25F444E0-D07B-40E1-9CBD-3C14C1B3CD65}.Debug|Any CPU.Build.0 = Debug|Any CPU
		{25F444E0-D07B-40E1-9CBD-3C14C1B3CD65}.Release|Any CPU.ActiveCfg = Release|Any CPU
		{25F444E0-D07B-40E1-9CBD-3C14C1B3CD65}.Release|Any CPU.Build.0 = Release|Any CPU
		{192B3913-2AEC-4932-B83C-E85A64378909}.Debug|Any CPU.ActiveCfg = Debug|Any CPU
		{192B3913-2AEC-4932-B83C-E85A64378909}.Debug|Any CPU.Build.0 = Debug|Any CPU
		{192B3913-2AEC-4932-B83C-E85A64378909}.Release|Any CPU.ActiveCfg = Release|Any CPU
		{192B3913-2AEC-4932-B83C-E85A64378909}.Release|Any CPU.Build.0 = Release|Any CPU
		{32984714-9125-4A10-A275-B2DFF5A2F6C4}.Debug|Any CPU.ActiveCfg = Debug|Any CPU
		{32984714-9125-4A10-A275-B2DFF5A2F6C4}.Debug|Any CPU.Build.0 = Debug|Any CPU
		{32984714-9125-4A10-A275-B2DFF5A2F6C4}.Release|Any CPU.ActiveCfg = Release|Any CPU
		{32984714-9125-4A10-A275-B2DFF5A2F6C4}.Release|Any CPU.Build.0 = Release|Any CPU
		{A8D523C9-A69E-40AB-8802-B5CB3F31B393}.Debug|Any CPU.ActiveCfg = Debug|Any CPU
		{A8D523C9-A69E-40AB-8802-B5CB3F31B393}.Debug|Any CPU.Build.0 = Debug|Any CPU
		{A8D523C9-A69E-40AB-8802-B5CB3F31B393}.Release|Any CPU.ActiveCfg = Release|Any CPU
		{A8D523C9-A69E-40AB-8802-B5CB3F31B393}.Release|Any CPU.Build.0 = Release|Any CPU
		{348DC6B0-4B02-4301-A830-0FF147413173}.Debug|Any CPU.ActiveCfg = Debug|Any CPU
		{348DC6B0-4B02-4301-A830-0FF147413173}.Debug|Any CPU.Build.0 = Debug|Any CPU
		{348DC6B0-4B02-4301-A830-0FF147413173}.Release|Any CPU.ActiveCfg = Release|Any CPU
		{348DC6B0-4B02-4301-A830-0FF147413173}.Release|Any CPU.Build.0 = Release|Any CPU
	EndGlobalSection
	GlobalSection(NestedProjects) = preSolution
		{575DC260-AB15-4C03-A079-53E4706082EC} = {384D751F-7A46-456C-B85B-02BE1D77DC21}
		{1E71B9FF-A102-4146-AC91-C47911C6D539} = {384D751F-7A46-456C-B85B-02BE1D77DC21}
		{189F92F8-1C6D-4E0D-8342-766E7FD4F769} = {384D751F-7A46-456C-B85B-02BE1D77DC21}
		{960DEC15-02FB-4CEC-9149-28C0CF68924A} = {384D751F-7A46-456C-B85B-02BE1D77DC21}
		{9392D20C-2ABA-4F4F-949F-E6AFBCFD602B} = {384D751F-7A46-456C-B85B-02BE1D77DC21}
		{28C50639-3B58-4B3F-9806-0D3A50B27343} = {82ADF79C-DD6B-46F3-A343-045BCF047246}
		{25F444E0-D07B-40E1-9CBD-3C14C1B3CD65} = {82ADF79C-DD6B-46F3-A343-045BCF047246}
		{192B3913-2AEC-4932-B83C-E85A64378909} = {82ADF79C-DD6B-46F3-A343-045BCF047246}
		{32984714-9125-4A10-A275-B2DFF5A2F6C4} = {82ADF79C-DD6B-46F3-A343-045BCF047246}
		{A8D523C9-A69E-40AB-8802-B5CB3F31B393} = {384D751F-7A46-456C-B85B-02BE1D77DC21}
		{348DC6B0-4B02-4301-A830-0FF147413173} = {82ADF79C-DD6B-46F3-A343-045BCF047246}
	EndGlobalSection
EndGlobal
